// !$*UTF8*$!
{
	archiveVersion = 1;
	classes = {
	};
	objectVersion = 46;
	objects = {

/* Begin PBXBuildFile section */
		EB352C4F1B128F060022D0F5 /* main.m in Sources */ = {isa = PBXBuildFile; fileRef = EB352C4E1B128F060022D0F5 /* main.m */; };
		EB352C521B128F060022D0F5 /* AppDelegate.m in Sources */ = {isa = PBXBuildFile; fileRef = EB352C511B128F060022D0F5 /* AppDelegate.m */; };
		EB352C551B128F060022D0F5 /* ProfileZoo.xcdatamodeld in Sources */ = {isa = PBXBuildFile; fileRef = EB352C531B128F060022D0F5 /* ProfileZoo.xcdatamodeld */; };
		EB352C581B128F060022D0F5 /* ViewController.m in Sources */ = {isa = PBXBuildFile; fileRef = EB352C571B128F060022D0F5 /* ViewController.m */; };
		EB352C5B1B128F060022D0F5 /* Main.storyboard in Resources */ = {isa = PBXBuildFile; fileRef = EB352C591B128F060022D0F5 /* Main.storyboard */; };
		EB352C5D1B128F060022D0F5 /* Images.xcassets in Resources */ = {isa = PBXBuildFile; fileRef = EB352C5C1B128F060022D0F5 /* Images.xcassets */; };
		EB352C601B128F060022D0F5 /* LaunchScreen.xib in Resources */ = {isa = PBXBuildFile; fileRef = EB352C5E1B128F060022D0F5 /* LaunchScreen.xib */; };
		EB352C6C1B128F070022D0F5 /* ProfileZooTests.m in Sources */ = {isa = PBXBuildFile; fileRef = EB352C6B1B128F070022D0F5 /* ProfileZooTests.m */; };
		EBE101CD1B1D44CE0054689F /* PetDataBaseManager.m in Sources */ = {isa = PBXBuildFile; fileRef = EBE101CC1B1D44CE0054689F /* PetDataBaseManager.m */; };
		EBE805F61B1C0479005E9265 /* Remider.m in Sources */ = {isa = PBXBuildFile; fileRef = EBE805F51B1C0479005E9265 /* Remider.m */; };
		EBE805F91B1C078D005E9265 /* ActivityLog.m in Sources */ = {isa = PBXBuildFile; fileRef = EBE805F81B1C078D005E9265 /* ActivityLog.m */; };
		EBE805FC1B1C07D7005E9265 /* ReminderType.m in Sources */ = {isa = PBXBuildFile; fileRef = EBE805FB1B1C07D7005E9265 /* ReminderType.m */; };
		EBE805FF1B1C0951005E9265 /* Pet.m in Sources */ = {isa = PBXBuildFile; fileRef = EBE805FE1B1C0951005E9265 /* Pet.m */; };
		EBE806021B1C0964005E9265 /* Person.m in Sources */ = {isa = PBXBuildFile; fileRef = EBE806011B1C0964005E9265 /* Person.m */; };
/* End PBXBuildFile section */

/* Begin PBXContainerItemProxy section */
		EB352C661B128F070022D0F5 /* PBXContainerItemProxy */ = {
			isa = PBXContainerItemProxy;
			containerPortal = EB352C411B128F060022D0F5 /* Project object */;
			proxyType = 1;
			remoteGlobalIDString = EB352C481B128F060022D0F5;
			remoteInfo = ProfileZoo;
		};
/* End PBXContainerItemProxy section */

/* Begin PBXFileReference section */
		EB352C491B128F060022D0F5 /* ProfileZoo.app */ = {isa = PBXFileReference; explicitFileType = wrapper.application; includeInIndex = 0; path = ProfileZoo.app; sourceTree = BUILT_PRODUCTS_DIR; };
		EB352C4D1B128F060022D0F5 /* Info.plist */ = {isa = PBXFileReference; lastKnownFileType = text.plist.xml; path = Info.plist; sourceTree = "<group>"; };
		EB352C4E1B128F060022D0F5 /* main.m */ = {isa = PBXFileReference; lastKnownFileType = sourcecode.c.objc; path = main.m; sourceTree = "<group>"; };
		EB352C501B128F060022D0F5 /* AppDelegate.h */ = {isa = PBXFileReference; lastKnownFileType = sourcecode.c.h; path = AppDelegate.h; sourceTree = "<group>"; };
		EB352C511B128F060022D0F5 /* AppDelegate.m */ = {isa = PBXFileReference; lastKnownFileType = sourcecode.c.objc; path = AppDelegate.m; sourceTree = "<group>"; };
		EB352C541B128F060022D0F5 /* ProfileZoo.xcdatamodel */ = {isa = PBXFileReference; lastKnownFileType = wrapper.xcdatamodel; path = ProfileZoo.xcdatamodel; sourceTree = "<group>"; };
		EB352C561B128F060022D0F5 /* ViewController.h */ = {isa = PBXFileReference; lastKnownFileType = sourcecode.c.h; path = ViewController.h; sourceTree = "<group>"; };
		EB352C571B128F060022D0F5 /* ViewController.m */ = {isa = PBXFileReference; lastKnownFileType = sourcecode.c.objc; path = ViewController.m; sourceTree = "<group>"; };
		EB352C5A1B128F060022D0F5 /* Base */ = {isa = PBXFileReference; lastKnownFileType = file.storyboard; name = Base; path = Base.lproj/Main.storyboard; sourceTree = "<group>"; };
		EB352C5C1B128F060022D0F5 /* Images.xcassets */ = {isa = PBXFileReference; lastKnownFileType = folder.assetcatalog; path = Images.xcassets; sourceTree = "<group>"; };
		EB352C5F1B128F060022D0F5 /* Base */ = {isa = PBXFileReference; lastKnownFileType = file.xib; name = Base; path = Base.lproj/LaunchScreen.xib; sourceTree = "<group>"; };
		EB352C651B128F070022D0F5 /* ProfileZooTests.xctest */ = {isa = PBXFileReference; explicitFileType = wrapper.cfbundle; includeInIndex = 0; path = ProfileZooTests.xctest; sourceTree = BUILT_PRODUCTS_DIR; };
		EB352C6A1B128F070022D0F5 /* Info.plist */ = {isa = PBXFileReference; lastKnownFileType = text.plist.xml; path = Info.plist; sourceTree = "<group>"; };
		EB352C6B1B128F070022D0F5 /* ProfileZooTests.m */ = {isa = PBXFileReference; lastKnownFileType = sourcecode.c.objc; path = ProfileZooTests.m; sourceTree = "<group>"; };
		EBE101CB1B1D44CE0054689F /* PetDataBaseManager.h */ = {isa = PBXFileReference; fileEncoding = 4; lastKnownFileType = sourcecode.c.h; name = PetDataBaseManager.h; path = ProfileZoo/Services/PetDataBaseManager.h; sourceTree = "<group>"; };
		EBE101CC1B1D44CE0054689F /* PetDataBaseManager.m */ = {isa = PBXFileReference; fileEncoding = 4; lastKnownFileType = sourcecode.c.objc; name = PetDataBaseManager.m; path = ProfileZoo/Services/PetDataBaseManager.m; sourceTree = "<group>"; };
		EBE805F41B1C0479005E9265 /* Remider.h */ = {isa = PBXFileReference; fileEncoding = 4; lastKnownFileType = sourcecode.c.h; name = Remider.h; path = ProfileZoo/Model/Remider.h; sourceTree = "<group>"; };
		EBE805F51B1C0479005E9265 /* Remider.m */ = {isa = PBXFileReference; fileEncoding = 4; lastKnownFileType = sourcecode.c.objc; name = Remider.m; path = ProfileZoo/Model/Remider.m; sourceTree = "<group>"; };
		EBE805F71B1C078D005E9265 /* ActivityLog.h */ = {isa = PBXFileReference; fileEncoding = 4; lastKnownFileType = sourcecode.c.h; name = ActivityLog.h; path = ProfileZoo/Model/ActivityLog.h; sourceTree = "<group>"; };
		EBE805F81B1C078D005E9265 /* ActivityLog.m */ = {isa = PBXFileReference; fileEncoding = 4; lastKnownFileType = sourcecode.c.objc; name = ActivityLog.m; path = ProfileZoo/Model/ActivityLog.m; sourceTree = "<group>"; };
		EBE805FA1B1C07D7005E9265 /* ReminderType.h */ = {isa = PBXFileReference; fileEncoding = 4; lastKnownFileType = sourcecode.c.h; name = ReminderType.h; path = ProfileZoo/Model/ReminderType.h; sourceTree = "<group>"; };
		EBE805FB1B1C07D7005E9265 /* ReminderType.m */ = {isa = PBXFileReference; fileEncoding = 4; lastKnownFileType = sourcecode.c.objc; name = ReminderType.m; path = ProfileZoo/Model/ReminderType.m; sourceTree = "<group>"; };
		EBE805FD1B1C0951005E9265 /* Pet.h */ = {isa = PBXFileReference; fileEncoding = 4; lastKnownFileType = sourcecode.c.h; name = Pet.h; path = ProfileZoo/Model/Pet.h; sourceTree = "<group>"; };
		EBE805FE1B1C0951005E9265 /* Pet.m */ = {isa = PBXFileReference; fileEncoding = 4; lastKnownFileType = sourcecode.c.objc; name = Pet.m; path = ProfileZoo/Model/Pet.m; sourceTree = "<group>"; };
		EBE806001B1C0964005E9265 /* Person.h */ = {isa = PBXFileReference; fileEncoding = 4; lastKnownFileType = sourcecode.c.h; name = Person.h; path = ProfileZoo/Model/Person.h; sourceTree = "<group>"; };
		EBE806011B1C0964005E9265 /* Person.m */ = {isa = PBXFileReference; fileEncoding = 4; lastKnownFileType = sourcecode.c.objc; name = Person.m; path = ProfileZoo/Model/Person.m; sourceTree = "<group>"; };
/* End PBXFileReference section */

/* Begin PBXFrameworksBuildPhase section */
		EB352C461B128F060022D0F5 /* Frameworks */ = {
			isa = PBXFrameworksBuildPhase;
			buildActionMask = 2147483647;
			files = (
			);
			runOnlyForDeploymentPostprocessing = 0;
		};
		EB352C621B128F070022D0F5 /* Frameworks */ = {
			isa = PBXFrameworksBuildPhase;
			buildActionMask = 2147483647;
			files = (
			);
			runOnlyForDeploymentPostprocessing = 0;
		};
/* End PBXFrameworksBuildPhase section */

/* Begin PBXGroup section */
		EB352C401B128F060022D0F5 = {
			isa = PBXGroup;
			children = (
				EBBB15CE1B129F3500924963 /* Services */,
				EBA0FAC51B129AD100E8196A /* Model */,
				EB352C4B1B128F060022D0F5 /* ProfileZoo */,
				EB352C681B128F070022D0F5 /* ProfileZooTests */,
				EB352C4A1B128F060022D0F5 /* Products */,
			);
			sourceTree = "<group>";
		};
		EB352C4A1B128F060022D0F5 /* Products */ = {
			isa = PBXGroup;
			children = (
				EB352C491B128F060022D0F5 /* ProfileZoo.app */,
				EB352C651B128F070022D0F5 /* ProfileZooTests.xctest */,
			);
			name = Products;
			sourceTree = "<group>";
		};
		EB352C4B1B128F060022D0F5 /* ProfileZoo */ = {
			isa = PBXGroup;
			children = (
				EB352C501B128F060022D0F5 /* AppDelegate.h */,
				EB352C511B128F060022D0F5 /* AppDelegate.m */,
				EB352C561B128F060022D0F5 /* ViewController.h */,
				EB352C571B128F060022D0F5 /* ViewController.m */,
				EB352C591B128F060022D0F5 /* Main.storyboard */,
				EB352C5C1B128F060022D0F5 /* Images.xcassets */,
				EB352C5E1B128F060022D0F5 /* LaunchScreen.xib */,
				EB352C531B128F060022D0F5 /* ProfileZoo.xcdatamodeld */,
				EB352C4C1B128F060022D0F5 /* Supporting Files */,
			);
			path = ProfileZoo;
			sourceTree = "<group>";
		};
		EB352C4C1B128F060022D0F5 /* Supporting Files */ = {
			isa = PBXGroup;
			children = (
				EB352C4D1B128F060022D0F5 /* Info.plist */,
				EB352C4E1B128F060022D0F5 /* main.m */,
			);
			name = "Supporting Files";
			sourceTree = "<group>";
		};
		EB352C681B128F070022D0F5 /* ProfileZooTests */ = {
			isa = PBXGroup;
			children = (
				EB352C6B1B128F070022D0F5 /* ProfileZooTests.m */,
				EB352C691B128F070022D0F5 /* Supporting Files */,
			);
			path = ProfileZooTests;
			sourceTree = "<group>";
		};
		EB352C691B128F070022D0F5 /* Supporting Files */ = {
			isa = PBXGroup;
			children = (
				EB352C6A1B128F070022D0F5 /* Info.plist */,
			);
			name = "Supporting Files";
			sourceTree = "<group>";
		};
		EBA0FAC51B129AD100E8196A /* Model */ = {
			isa = PBXGroup;
			children = (
				EBE805F41B1C0479005E9265 /* Remider.h */,
				EBE805F51B1C0479005E9265 /* Remider.m */,
				EBE805F71B1C078D005E9265 /* ActivityLog.h */,
				EBE805F81B1C078D005E9265 /* ActivityLog.m */,
				EBE805FA1B1C07D7005E9265 /* ReminderType.h */,
				EBE805FB1B1C07D7005E9265 /* ReminderType.m */,
				EBE805FD1B1C0951005E9265 /* Pet.h */,
				EBE805FE1B1C0951005E9265 /* Pet.m */,
				EBE806001B1C0964005E9265 /* Person.h */,
				EBE806011B1C0964005E9265 /* Person.m */,
			);
			name = Model;
			sourceTree = "<group>";
		};
		EBBB15CE1B129F3500924963 /* Services */ = {
			isa = PBXGroup;
			children = (
				EBE101CB1B1D44CE0054689F /* PetDataBaseManager.h */,
				EBE101CC1B1D44CE0054689F /* PetDataBaseManager.m */,
			);
			name = Services;
			sourceTree = "<group>";
		};
/* End PBXGroup section */

/* Begin PBXNativeTarget section */
		EB352C481B128F060022D0F5 /* ProfileZoo */ = {
			isa = PBXNativeTarget;
			buildConfigurationList = EB352C6F1B128F070022D0F5 /* Build configuration list for PBXNativeTarget "ProfileZoo" */;
			buildPhases = (
				EB352C451B128F060022D0F5 /* Sources */,
				EB352C461B128F060022D0F5 /* Frameworks */,
				EB352C471B128F060022D0F5 /* Resources */,
			);
			buildRules = (
			);
			dependencies = (
			);
			name = ProfileZoo;
			productName = ProfileZoo;
			productReference = EB352C491B128F060022D0F5 /* ProfileZoo.app */;
			productType = "com.apple.product-type.application";
		};
		EB352C641B128F070022D0F5 /* ProfileZooTests */ = {
			isa = PBXNativeTarget;
			buildConfigurationList = EB352C721B128F070022D0F5 /* Build configuration list for PBXNativeTarget "ProfileZooTests" */;
			buildPhases = (
				EB352C611B128F070022D0F5 /* Sources */,
				EB352C621B128F070022D0F5 /* Frameworks */,
				EB352C631B128F070022D0F5 /* Resources */,
			);
			buildRules = (
			);
			dependencies = (
				EB352C671B128F070022D0F5 /* PBXTargetDependency */,
			);
			name = ProfileZooTests;
			productName = ProfileZooTests;
			productReference = EB352C651B128F070022D0F5 /* ProfileZooTests.xctest */;
			productType = "com.apple.product-type.bundle.unit-test";
		};
/* End PBXNativeTarget section */

/* Begin PBXProject section */
		EB352C411B128F060022D0F5 /* Project object */ = {
			isa = PBXProject;
			attributes = {
				LastUpgradeCheck = 0620;
				ORGANIZATIONNAME = "Diana Granados";
				TargetAttributes = {
					EB352C481B128F060022D0F5 = {
						CreatedOnToolsVersion = 6.2;
					};
					EB352C641B128F070022D0F5 = {
						CreatedOnToolsVersion = 6.2;
						TestTargetID = EB352C481B128F060022D0F5;
					};
				};
			};
			buildConfigurationList = EB352C441B128F060022D0F5 /* Build configuration list for PBXProject "ProfileZoo" */;
			compatibilityVersion = "Xcode 3.2";
			developmentRegion = English;
			hasScannedForEncodings = 0;
			knownRegions = (
				en,
				Base,
			);
			mainGroup = EB352C401B128F060022D0F5;
			productRefGroup = EB352C4A1B128F060022D0F5 /* Products */;
			projectDirPath = "";
			projectRoot = "";
			targets = (
				EB352C481B128F060022D0F5 /* ProfileZoo */,
				EB352C641B128F070022D0F5 /* ProfileZooTests */,
			);
		};
/* End PBXProject section */

/* Begin PBXResourcesBuildPhase section */
		EB352C471B128F060022D0F5 /* Resources */ = {
			isa = PBXResourcesBuildPhase;
			buildActionMask = 2147483647;
			files = (
				EB352C5B1B128F060022D0F5 /* Main.storyboard in Resources */,
				EB352C601B128F060022D0F5 /* LaunchScreen.xib in Resources */,
				EB352C5D1B128F060022D0F5 /* Images.xcassets in Resources */,
			);
			runOnlyForDeploymentPostprocessing = 0;
		};
		EB352C631B128F070022D0F5 /* Resources */ = {
			isa = PBXResourcesBuildPhase;
			buildActionMask = 2147483647;
			files = (
			);
			runOnlyForDeploymentPostprocessing = 0;
		};
/* End PBXResourcesBuildPhase section */

/* Begin PBXSourcesBuildPhase section */
		EB352C451B128F060022D0F5 /* Sources */ = {
			isa = PBXSourcesBuildPhase;
			buildActionMask = 2147483647;
			files = (
				EB352C551B128F060022D0F5 /* ProfileZoo.xcdatamodeld in Sources */,
				EBE805FF1B1C0951005E9265 /* Pet.m in Sources */,
				EBE805FC1B1C07D7005E9265 /* ReminderType.m in Sources */,
				EB352C521B128F060022D0F5 /* AppDelegate.m in Sources */,
				EBE805F61B1C0479005E9265 /* Remider.m in Sources */,
				EB352C581B128F060022D0F5 /* ViewController.m in Sources */,
				EBE806021B1C0964005E9265 /* Person.m in Sources */,
				EB352C4F1B128F060022D0F5 /* main.m in Sources */,
				EBE101CD1B1D44CE0054689F /* PetDataBaseManager.m in Sources */,
				EBE805F91B1C078D005E9265 /* ActivityLog.m in Sources */,
			);
			runOnlyForDeploymentPostprocessing = 0;
		};
		EB352C611B128F070022D0F5 /* Sources */ = {
			isa = PBXSourcesBuildPhase;
			buildActionMask = 2147483647;
			files = (
				EB352C6C1B128F070022D0F5 /* ProfileZooTests.m in Sources */,
			);
			runOnlyForDeploymentPostprocessing = 0;
		};
/* End PBXSourcesBuildPhase section */

/* Begin PBXTargetDependency section */
		EB352C671B128F070022D0F5 /* PBXTargetDependency */ = {
			isa = PBXTargetDependency;
			target = EB352C481B128F060022D0F5 /* ProfileZoo */;
			targetProxy = EB352C661B128F070022D0F5 /* PBXContainerItemProxy */;
		};
/* End PBXTargetDependency section */

/* Begin PBXVariantGroup section */
		EB352C591B128F060022D0F5 /* Main.storyboard */ = {
			isa = PBXVariantGroup;
			children = (
				EB352C5A1B128F060022D0F5 /* Base */,
			);
			name = Main.storyboard;
			sourceTree = "<group>";
		};
		EB352C5E1B128F060022D0F5 /* LaunchScreen.xib */ = {
			isa = PBXVariantGroup;
			children = (
				EB352C5F1B128F060022D0F5 /* Base */,
			);
			name = LaunchScreen.xib;
			sourceTree = "<group>";
		};
/* End PBXVariantGroup section */

/* Begin XCBuildConfiguration section */
		EB352C6D1B128F070022D0F5 /* Debug */ = {
			isa = XCBuildConfiguration;
			buildSettings = {
				ALWAYS_SEARCH_USER_PATHS = NO;
				CLANG_CXX_LANGUAGE_STANDARD = "gnu++0x";
				CLANG_CXX_LIBRARY = "libc++";
				CLANG_ENABLE_MODULES = YES;
				CLANG_ENABLE_OBJC_ARC = YES;
				CLANG_WARN_BOOL_CONVERSION = YES;
				CLANG_WARN_CONSTANT_CONVERSION = YES;
				CLANG_WARN_DIRECT_OBJC_ISA_USAGE = YES_ERROR;
				CLANG_WARN_EMPTY_BODY = YES;
				CLANG_WARN_ENUM_CONVERSION = YES;
				CLANG_WARN_INT_CONVERSION = YES;
				CLANG_WARN_OBJC_ROOT_CLASS = YES_ERROR;
				CLANG_WARN_UNREACHABLE_CODE = YES;
				CLANG_WARN__DUPLICATE_METHOD_MATCH = YES;
				"CODE_SIGN_IDENTITY[sdk=iphoneos*]" = "iPhone Developer";
				COPY_PHASE_STRIP = NO;
				ENABLE_STRICT_OBJC_MSGSEND = YES;
				GCC_C_LANGUAGE_STANDARD = gnu99;
				GCC_DYNAMIC_NO_PIC = NO;
				GCC_OPTIMIZATION_LEVEL = 0;
				GCC_PREPROCESSOR_DEFINITIONS = (
					"DEBUG=1",
					"$(inherited)",
				);
				GCC_SYMBOLS_PRIVATE_EXTERN = NO;
				GCC_WARN_64_TO_32_BIT_CONVERSION = YES;
				GCC_WARN_ABOUT_RETURN_TYPE = YES_ERROR;
				GCC_WARN_UNDECLARED_SELECTOR = YES;
				GCC_WARN_UNINITIALIZED_AUTOS = YES_AGGRESSIVE;
				GCC_WARN_UNUSED_FUNCTION = YES;
				GCC_WARN_UNUSED_VARIABLE = YES;
				IPHONEOS_DEPLOYMENT_TARGET = 8.2;
				MTL_ENABLE_DEBUG_INFO = YES;
				ONLY_ACTIVE_ARCH = YES;
				SDKROOT = iphoneos;
			};
			name = Debug;
		};
		EB352C6E1B128F070022D0F5 /* Release */ = {
			isa = XCBuildConfiguration;
			buildSettings = {
				ALWAYS_SEARCH_USER_PATHS = NO;
				CLANG_CXX_LANGUAGE_STANDARD = "gnu++0x";
				CLANG_CXX_LIBRARY = "libc++";
				CLANG_ENABLE_MODULES = YES;
				CLANG_ENABLE_OBJC_ARC = YES;
				CLANG_WARN_BOOL_CONVERSION = YES;
				CLANG_WARN_CONSTANT_CONVERSION = YES;
				CLANG_WARN_DIRECT_OBJC_ISA_USAGE = YES_ERROR;
				CLANG_WARN_EMPTY_BODY = YES;
				CLANG_WARN_ENUM_CONVERSION = YES;
				CLANG_WARN_INT_CONVERSION = YES;
				CLANG_WARN_OBJC_ROOT_CLASS = YES_ERROR;
				CLANG_WARN_UNREACHABLE_CODE = YES;
				CLANG_WARN__DUPLICATE_METHOD_MATCH = YES;
				"CODE_SIGN_IDENTITY[sdk=iphoneos*]" = "iPhone Developer";
				COPY_PHASE_STRIP = NO;
				ENABLE_NS_ASSERTIONS = NO;
				ENABLE_STRICT_OBJC_MSGSEND = YES;
				GCC_C_LANGUAGE_STANDARD = gnu99;
				GCC_WARN_64_TO_32_BIT_CONVERSION = YES;
				GCC_WARN_ABOUT_RETURN_TYPE = YES_ERROR;
				GCC_WARN_UNDECLARED_SELECTOR = YES;
				GCC_WARN_UNINITIALIZED_AUTOS = YES_AGGRESSIVE;
				GCC_WARN_UNUSED_FUNCTION = YES;
				GCC_WARN_UNUSED_VARIABLE = YES;
				IPHONEOS_DEPLOYMENT_TARGET = 8.2;
				MTL_ENABLE_DEBUG_INFO = NO;
				SDKROOT = iphoneos;
				VALIDATE_PRODUCT = YES;
			};
			name = Release;
		};
		EB352C701B128F070022D0F5 /* Debug */ = {
			isa = XCBuildConfiguration;
			buildSettings = {
				ASSETCATALOG_COMPILER_APPICON_NAME = AppIcon;
				INFOPLIST_FILE = ProfileZoo/Info.plist;
				LD_RUNPATH_SEARCH_PATHS = "$(inherited) @executable_path/Frameworks";
				PRODUCT_NAME = "$(TARGET_NAME)";
			};
			name = Debug;
		};
		EB352C711B128F070022D0F5 /* Release */ = {
			isa = XCBuildConfiguration;
			buildSettings = {
				ASSETCATALOG_COMPILER_APPICON_NAME = AppIcon;
				INFOPLIST_FILE = ProfileZoo/Info.plist;
				LD_RUNPATH_SEARCH_PATHS = "$(inherited) @executable_path/Frameworks";
				PRODUCT_NAME = "$(TARGET_NAME)";
			};
			name = Release;
		};
		EB352C731B128F070022D0F5 /* Debug */ = {
			isa = XCBuildConfiguration;
			buildSettings = {
				BUNDLE_LOADER = "$(TEST_HOST)";
				FRAMEWORK_SEARCH_PATHS = (
					"$(SDKROOT)/Developer/Library/Frameworks",
					"$(inherited)",
				);
				GCC_PREPROCESSOR_DEFINITIONS = (
					"DEBUG=1",
					"$(inherited)",
				);
				INFOPLIST_FILE = ProfileZooTests/Info.plist;
				LD_RUNPATH_SEARCH_PATHS = "$(inherited) @executable_path/Frameworks @loader_path/Frameworks";
				PRODUCT_NAME = "$(TARGET_NAME)";
				TEST_HOST = "$(BUILT_PRODUCTS_DIR)/ProfileZoo.app/ProfileZoo";
			};
			name = Debug;
		};
		EB352C741B128F070022D0F5 /* Release */ = {
			isa = XCBuildConfiguration;
			buildSettings = {
				BUNDLE_LOADER = "$(TEST_HOST)";
				FRAMEWORK_SEARCH_PATHS = (
					"$(SDKROOT)/Developer/Library/Frameworks",
					"$(inherited)",
				);
				INFOPLIST_FILE = ProfileZooTests/Info.plist;
				LD_RUNPATH_SEARCH_PATHS = "$(inherited) @executable_path/Frameworks @loader_path/Frameworks";
				PRODUCT_NAME = "$(TARGET_NAME)";
				TEST_HOST = "$(BUILT_PRODUCTS_DIR)/ProfileZoo.app/ProfileZoo";
			};
			name = Release;
		};
/* End XCBuildConfiguration section */

/* Begin XCConfigurationList section */
		EB352C441B128F060022D0F5 /* Build configuration list for PBXProject "ProfileZoo" */ = {
			isa = XCConfigurationList;
			buildConfigurations = (
				EB352C6D1B128F070022D0F5 /* Debug */,
				EB352C6E1B128F070022D0F5 /* Release */,
			);
			defaultConfigurationIsVisible = 0;
			defaultConfigurationName = Release;
		};
		EB352C6F1B128F070022D0F5 /* Build configuration list for PBXNativeTarget "ProfileZoo" */ = {
			isa = XCConfigurationList;
			buildConfigurations = (
				EB352C701B128F070022D0F5 /* Debug */,
				EB352C711B128F070022D0F5 /* Release */,
			);
			defaultConfigurationIsVisible = 0;
			defaultConfigurationName = Release;
		};
		EB352C721B128F070022D0F5 /* Build configuration list for PBXNativeTarget "ProfileZooTests" */ = {
			isa = XCConfigurationList;
			buildConfigurations = (
				EB352C731B128F070022D0F5 /* Debug */,
				EB352C741B128F070022D0F5 /* Release */,
			);
			defaultConfigurationIsVisible = 0;
			defaultConfigurationName = Release;
		};
/* End XCConfigurationList section */

/* Begin XCVersionGroup section */
		EB352C531B128F060022D0F5 /* ProfileZoo.xcdatamodeld */ = {
			isa = XCVersionGroup;
			children = (
				EB352C541B128F060022D0F5 /* ProfileZoo.xcdatamodel */,
			);
			currentVersion = EB352C541B128F060022D0F5 /* ProfileZoo.xcdatamodel */;
			path = ProfileZoo.xcdatamodeld;
			sourceTree = "<group>";
			versionGroupType = wrapper.xcdatamodel;
		};
/* End XCVersionGroup section */
	};
	rootObject = EB352C411B128F060022D0F5 /* Project object */;
}
